{
  "lockFileVersion": 13,
  "registryFileHashes": {
    "https://bcr.bazel.build/bazel_registry.json": "8a28e4aff06ee60aed2a8c281907fb8bcbf3b753c91fb5a5c57da3215d5b3497",
    "https://bcr.bazel.build/modules/abseil-cpp/20210324.2/MODULE.bazel": "7cd0312e064fde87c8d1cd79ba06c876bd23630c83466e9500321be55c96ace2",
    "https://bcr.bazel.build/modules/abseil-cpp/20211102.0/MODULE.bazel": "70390338f7a5106231d20620712f7cccb659cd0e9d073d1991c038eb9fc57589",
    "https://bcr.bazel.build/modules/abseil-cpp/20211102.0/source.json": "7e3a9adf473e9af076ae485ed649d5641ad50ec5c11718103f34de03170d94ad",
    "https://bcr.bazel.build/modules/apple_support/1.5.0/MODULE.bazel": "50341a62efbc483e8a2a6aec30994a58749bd7b885e18dd96aa8c33031e558ef",
    "https://bcr.bazel.build/modules/apple_support/1.5.0/source.json": "eb98a7627c0bc486b57f598ad8da50f6625d974c8f723e9ea71bd39f709c9862",
    "https://bcr.bazel.build/modules/bazel_features/1.11.0/MODULE.bazel": "f9382337dd5a474c3b7d334c2f83e50b6eaedc284253334cf823044a26de03e8",
    "https://bcr.bazel.build/modules/bazel_features/1.18.0/MODULE.bazel": "1be0ae2557ab3a72a57aeb31b29be347bcdc5d2b1eb1e70f39e3851a7e97041a",
    "https://bcr.bazel.build/modules/bazel_features/1.18.0/source.json": "cde886d88c8164b50b9b97dba7c0a64ca24d257b72ca3a2fcb06bee1fdb47ee4",
    "https://bcr.bazel.build/modules/bazel_skylib/1.0.3/MODULE.bazel": "bcb0fd896384802d1ad283b4e4eb4d718eebd8cb820b0a2c3a347fb971afd9d8",
    "https://bcr.bazel.build/modules/bazel_skylib/1.2.1/MODULE.bazel": "f35baf9da0efe45fa3da1696ae906eea3d615ad41e2e3def4aeb4e8bc0ef9a7a",
    "https://bcr.bazel.build/modules/bazel_skylib/1.3.0/MODULE.bazel": "20228b92868bf5cfc41bda7afc8a8ba2a543201851de39d990ec957b513579c5",
    "https://bcr.bazel.build/modules/bazel_skylib/1.6.1/MODULE.bazel": "8fdee2dbaace6c252131c00e1de4b165dc65af02ea278476187765e1a617b917",
    "https://bcr.bazel.build/modules/bazel_skylib/1.6.1/source.json": "082ed5f9837901fada8c68c2f3ddc958bb22b6d654f71dd73f3df30d45d4b749",
    "https://bcr.bazel.build/modules/buildozer/7.1.2/MODULE.bazel": "2e8dd40ede9c454042645fd8d8d0cd1527966aa5c919de86661e62953cd73d84",
    "https://bcr.bazel.build/modules/buildozer/7.1.2/source.json": "c9028a501d2db85793a6996205c8de120944f50a0d570438fcae0457a5f9d1f8",
    "https://bcr.bazel.build/modules/googletest/1.11.0/MODULE.bazel": "3a83f095183f66345ca86aa13c58b59f9f94a2f81999c093d4eeaa2d262d12f4",
    "https://bcr.bazel.build/modules/googletest/1.11.0/source.json": "c73d9ef4268c91bd0c1cd88f1f9dfa08e814b1dbe89b5f594a9f08ba0244d206",
    "https://bcr.bazel.build/modules/platforms/0.0.10/MODULE.bazel": "8cb8efaf200bdeb2150d93e162c40f388529a25852b332cec879373771e48ed5",
    "https://bcr.bazel.build/modules/platforms/0.0.10/source.json": "f22828ff4cf021a6b577f1bf6341cb9dcd7965092a439f64fc1bb3b7a5ae4bd5",
    "https://bcr.bazel.build/modules/platforms/0.0.4/MODULE.bazel": "9b328e31ee156f53f3c416a64f8491f7eb731742655a47c9eec4703a71644aee",
    "https://bcr.bazel.build/modules/platforms/0.0.5/MODULE.bazel": "5733b54ea419d5eaf7997054bb55f6a1d0b5ff8aedf0176fef9eea44f3acda37",
    "https://bcr.bazel.build/modules/platforms/0.0.6/MODULE.bazel": "ad6eeef431dc52aefd2d77ed20a4b353f8ebf0f4ecdd26a807d2da5aa8cd0615",
    "https://bcr.bazel.build/modules/platforms/0.0.7/MODULE.bazel": "72fd4a0ede9ee5c021f6a8dd92b503e089f46c227ba2813ff183b71616034814",
    "https://bcr.bazel.build/modules/platforms/0.0.9/MODULE.bazel": "4a87a60c927b56ddd67db50c89acaa62f4ce2a1d2149ccb63ffd871d5ce29ebc",
    "https://bcr.bazel.build/modules/protobuf/21.7/MODULE.bazel": "a5a29bb89544f9b97edce05642fac225a808b5b7be74038ea3640fae2f8e66a7",
    "https://bcr.bazel.build/modules/protobuf/21.7/source.json": "bbe500720421e582ff2d18b0802464205138c06056f443184de39fbb8187b09b",
    "https://bcr.bazel.build/modules/protobuf/3.19.0/MODULE.bazel": "6b5fbb433f760a99a22b18b6850ed5784ef0e9928a72668b66e4d7ccd47db9b0",
    "https://bcr.bazel.build/modules/protobuf/3.19.6/MODULE.bazel": "9233edc5e1f2ee276a60de3eaa47ac4132302ef9643238f23128fea53ea12858",
    "https://bcr.bazel.build/modules/rules_cc/0.0.1/MODULE.bazel": "cb2aa0747f84c6c3a78dad4e2049c154f08ab9d166b1273835a8174940365647",
    "https://bcr.bazel.build/modules/rules_cc/0.0.2/MODULE.bazel": "6915987c90970493ab97393024c156ea8fb9f3bea953b2f3ec05c34f19b5695c",
    "https://bcr.bazel.build/modules/rules_cc/0.0.8/MODULE.bazel": "964c85c82cfeb6f3855e6a07054fdb159aced38e99a5eecf7bce9d53990afa3e",
    "https://bcr.bazel.build/modules/rules_cc/0.0.9/MODULE.bazel": "836e76439f354b89afe6a911a7adf59a6b2518fafb174483ad78a2a2fde7b1c5",
    "https://bcr.bazel.build/modules/rules_cc/0.0.9/source.json": "1f1ba6fea244b616de4a554a0f4983c91a9301640c8fe0dd1d410254115c8430",
    "https://bcr.bazel.build/modules/rules_java/4.0.0/MODULE.bazel": "5a78a7ae82cd1a33cef56dc578c7d2a46ed0dca12643ee45edbb8417899e6f74",
    "https://bcr.bazel.build/modules/rules_java/7.6.5/MODULE.bazel": "481164be5e02e4cab6e77a36927683263be56b7e36fef918b458d7a8a1ebadb1",
    "https://bcr.bazel.build/modules/rules_java/7.6.5/source.json": "a805b889531d1690e3c72a7a7e47a870d00323186a9904b36af83aa3d053ee8d",
    "https://bcr.bazel.build/modules/rules_jvm_external/4.4.2/MODULE.bazel": "a56b85e418c83eb1839819f0b515c431010160383306d13ec21959ac412d2fe7",
    "https://bcr.bazel.build/modules/rules_jvm_external/4.4.2/source.json": "a075731e1b46bc8425098512d038d416e966ab19684a10a34f4741295642fc35",
    "https://bcr.bazel.build/modules/rules_license/0.0.3/MODULE.bazel": "627e9ab0247f7d1e05736b59dbb1b6871373de5ad31c3011880b4133cafd4bd0",
    "https://bcr.bazel.build/modules/rules_license/0.0.7/MODULE.bazel": "088fbeb0b6a419005b89cf93fe62d9517c0a2b8bb56af3244af65ecfe37e7d5d",
    "https://bcr.bazel.build/modules/rules_license/0.0.7/source.json": "355cc5737a0f294e560d52b1b7a6492d4fff2caf0bef1a315df5a298fca2d34a",
    "https://bcr.bazel.build/modules/rules_pkg/0.7.0/MODULE.bazel": "df99f03fc7934a4737122518bb87e667e62d780b610910f0447665a7e2be62dc",
    "https://bcr.bazel.build/modules/rules_pkg/0.7.0/source.json": "c2557066e0c0342223ba592510ad3d812d4963b9024831f7f66fd0584dd8c66c",
    "https://bcr.bazel.build/modules/rules_proto/4.0.0/MODULE.bazel": "a7a7b6ce9bee418c1a760b3d84f83a299ad6952f9903c67f19e4edd964894e06",
    "https://bcr.bazel.build/modules/rules_proto/5.3.0-21.7/MODULE.bazel": "e8dff86b0971688790ae75528fe1813f71809b5afd57facb44dad9e8eca631b7",
    "https://bcr.bazel.build/modules/rules_proto/5.3.0-21.7/source.json": "d57902c052424dfda0e71646cb12668d39c4620ee0544294d9d941e7d12bc3a9",
    "https://bcr.bazel.build/modules/rules_python/0.10.2/MODULE.bazel": "cc82bc96f2997baa545ab3ce73f196d040ffb8756fd2d66125a530031cd90e5f",
    "https://bcr.bazel.build/modules/rules_python/0.22.1/MODULE.bazel": "26114f0c0b5e93018c0c066d6673f1a2c3737c7e90af95eff30cfee38d0bbac7",
    "https://bcr.bazel.build/modules/rules_python/0.22.1/source.json": "57226905e783bae7c37c2dd662be078728e48fa28ee4324a7eabcafb5a43d014",
    "https://bcr.bazel.build/modules/rules_python/0.4.0/MODULE.bazel": "9208ee05fd48bf09ac60ed269791cf17fb343db56c8226a720fbb1cdf467166c",
    "https://bcr.bazel.build/modules/rules_shell/0.4.0/MODULE.bazel": "0f8f11bb3cd11755f0b48c1de0bbcf62b4b34421023aa41a2fc74ef68d9584f0",
    "https://bcr.bazel.build/modules/rules_shell/0.4.0/source.json": "1d7fa7f941cd41dc2704ba5b4edc2e2230eea1cc600d80bd2b65838204c50b95",
    "https://bcr.bazel.build/modules/stardoc/0.5.1/MODULE.bazel": "1a05d92974d0c122f5ccf09291442580317cdd859f07a8655f1db9a60374f9f8",
    "https://bcr.bazel.build/modules/stardoc/0.5.1/source.json": "a96f95e02123320aa015b956f29c00cb818fa891ef823d55148e1a362caacf29",
    "https://bcr.bazel.build/modules/upb/0.0.0-20220923-a547704/MODULE.bazel": "7298990c00040a0e2f121f6c32544bab27d4452f80d9ce51349b1a28f3005c43",
    "https://bcr.bazel.build/modules/upb/0.0.0-20220923-a547704/source.json": "f1ef7d3f9e0e26d4b23d1c39b5f5de71f584dd7d1b4ef83d9bbba6ec7a6a6459",
    "https://bcr.bazel.build/modules/zlib/1.2.11/MODULE.bazel": "07b389abc85fdbca459b69e2ec656ae5622873af3f845e1c9d80fe179f3effa0",
    "https://bcr.bazel.build/modules/zlib/1.2.12/MODULE.bazel": "3b1a8834ada2a883674be8cbd36ede1b6ec481477ada359cd2d3ddc562340b27",
    "https://bcr.bazel.build/modules/zlib/1.3.1.bcr.3/MODULE.bazel": "af322bc08976524477c79d1e45e241b6efbeb918c497e8840b8ab116802dda79",
    "https://bcr.bazel.build/modules/zlib/1.3.1.bcr.3/source.json": "2be409ac3c7601245958cd4fcdff4288be79ed23bd690b4b951f500d54ee6e7d"
  },
  "selectedYankedVersions": {},
  "moduleExtensions": {
    "//:deps.bzl%fetch_lfs_sources": {
      "general": {
        "bzlTransitiveDigest": "8EFboUx4TXv6m2eOCHgtaVl0sLlPQR8ToaBJ1M8PlsE=",
        "usagesDigest": "8KVGcCKAx4FXOGHTcTzdAGXiObW6Ride6NhFDssPDVs=",
        "recordedFileInputs": {},
        "recordedDirentsInputs": {},
        "envVariables": {},
        "generatedRepoSpecs": {
          "binutils_src.tar": {
            "bzlFile": "@@bazel_tools//tools/build_defs/repo:http.bzl",
            "ruleClassName": "http_file",
            "attributes": {
              "sha256": "13f74202a3c4c51118b797a39ea4200d3f6cfbe224da6d1d95bb938480132dfd",
              "urls": [
                "https://sourceware.org/pub/binutils/releases/binutils-2.43.1.tar.xz",
                "https://ftp.gnu.org/gnu/binutils/binutils-2.43.1.tar.xz"
              ]
            }
          },
          "gcc_src.tar": {
            "bzlFile": "@@bazel_tools//tools/build_defs/repo:http.bzl",
            "ruleClassName": "http_file",
            "attributes": {
              "sha256": "a7b39bc69cbf9e25826c5a60ab26477001f7c08d85cec04bc0e29cabed6f3cc9",
              "urls": [
                "https://ftp.gnu.org/gnu/gcc/gcc-14.2.0/gcc-14.2.0.tar.xz"
              ]
            }
          },
          "linux_kernel_src.tar": {
            "bzlFile": "@@bazel_tools//tools/build_defs/repo:http.bzl",
            "ruleClassName": "http_file",
            "attributes": {
              "sha256": "30909eb2e0434dce97a93cd97ed0dfab7688a124bc3ebc3ecf6c776de09ccc0b",
              "urls": [
                "https://cdn.kernel.org/pub/linux/kernel/v6.x/linux-6.10.5.tar.xz"
              ]
            }
          },
          "glibc_src.tar": {
            "bzlFile": "@@bazel_tools//tools/build_defs/repo:http.bzl",
            "ruleClassName": "http_file",
            "attributes": {
              "sha256": "19a890175e9263d748f627993de6f4b1af9cd21e03f080e4bfb3a1fac10205a2",
              "urls": [
                "https://ftp.gnu.org/gnu/glibc/glibc-2.40.tar.xz"
              ]
            }
          },
          "glibc_fsh_patch": {
            "bzlFile": "@@bazel_tools//tools/build_defs/repo:http.bzl",
            "ruleClassName": "http_file",
            "attributes": {
              "sha256": "643552db030e2f2d7ffde4f558e0f5f83d3fabf34a2e0e56ebdb49750ac27b0d",
              "urls": [
                "https://www.linuxfromscratch.org/patches/lfs/12.2/glibc-2.40-fhs-1.patch"
              ]
            }
          },
          "m4_src.tar": {
            "bzlFile": "@@bazel_tools//tools/build_defs/repo:http.bzl",
            "ruleClassName": "http_file",
            "attributes": {
              "sha256": "63aede5c6d33b6d9b13511cd0be2cac046f2e70fd0a07aa9573a04a82783af96",
              "urls": [
                "https://ftp.gnu.org/gnu/m4/m4-1.4.19.tar.xz"
              ]
            }
          },
          "ncurses_src.tar": {
            "bzlFile": "@@bazel_tools//tools/build_defs/repo:http.bzl",
            "ruleClassName": "http_file",
            "attributes": {
              "sha256": "136d91bc269a9a5785e5f9e980bc76ab57428f604ce3e5a5a90cebc767971cc6",
              "urls": [
                "https://ftp.gnu.org/gnu/ncurses/ncurses-6.5.tar.gz"
              ]
            }
          },
          "bash_src.tar": {
            "bzlFile": "@@bazel_tools//tools/build_defs/repo:http.bzl",
            "ruleClassName": "http_file",
            "attributes": {
              "sha256": "d3ef80d2b67d8cbbe4d3265c63a72c46f9b278ead6e0e06d61801b58f23f50b5",
              "urls": [
                "https://ftp.gnu.org/gnu/bash/bash-5.2.32.tar.gz"
              ]
            }
          },
          "coreutils_src.tar": {
            "bzlFile": "@@bazel_tools//tools/build_defs/repo:http.bzl",
            "ruleClassName": "http_file",
            "attributes": {
              "sha256": "cd328edeac92f6a665de9f323c93b712af1858bc2e0d88f3f7100469470a1b8a",
              "urls": [
                "https://ftp.gnu.org/gnu/coreutils/coreutils-9.5.tar.xz"
              ]
            }
          },
          "diffutils_src.tar": {
            "bzlFile": "@@bazel_tools//tools/build_defs/repo:http.bzl",
            "ruleClassName": "http_file",
            "attributes": {
              "sha256": "90e5e93cc724e4ebe12ede80df1634063c7a855692685919bfe60b556c9bd09e",
              "urls": [
                "https://ftp.gnu.org/gnu/diffutils/diffutils-3.10.tar.xz"
              ]
            }
          },
          "file_src.tar": {
            "bzlFile": "@@bazel_tools//tools/build_defs/repo:http.bzl",
            "ruleClassName": "http_file",
            "attributes": {
              "sha256": "fc97f51029bb0e2c9f4e3bffefdaf678f0e039ee872b9de5c002a6d09c784d82",
              "urls": [
                "https://astron.com/pub/file/file-5.45.tar.gz"
              ]
            }
          },
          "findutils_src.tar": {
            "bzlFile": "@@bazel_tools//tools/build_defs/repo:http.bzl",
            "ruleClassName": "http_file",
            "attributes": {
              "sha256": "1387e0b67ff247d2abde998f90dfbf70c1491391a59ddfecb8ae698789f0a4f5",
              "urls": [
                "https://ftp.gnu.org/gnu/findutils/findutils-4.10.0.tar.xz"
              ]
            }
          },
          "gawk_src.tar": {
            "bzlFile": "@@bazel_tools//tools/build_defs/repo:http.bzl",
            "ruleClassName": "http_file",
            "attributes": {
              "sha256": "ca9c16d3d11d0ff8c69d79dc0b47267e1329a69b39b799895604ed447d3ca90b",
              "urls": [
                "https://ftp.gnu.org/gnu/gawk/gawk-5.3.0.tar.xz"
              ]
            }
          },
          "grep_src.tar": {
            "bzlFile": "@@bazel_tools//tools/build_defs/repo:http.bzl",
            "ruleClassName": "http_file",
            "attributes": {
              "sha256": "1db2aedde89d0dea42b16d9528f894c8d15dae4e190b59aecc78f5a951276eab",
              "urls": [
                "https://ftp.gnu.org/gnu/grep/grep-3.11.tar.xz"
              ]
            }
          },
          "gzip_src.tar": {
            "bzlFile": "@@bazel_tools//tools/build_defs/repo:http.bzl",
            "ruleClassName": "http_file",
            "attributes": {
              "sha256": "7454eb6935db17c6655576c2e1b0fabefd38b4d0936e0f87f48cd062ce91a057",
              "urls": [
                "https://ftp.gnu.org/gnu/gzip/gzip-1.13.tar.xz"
              ]
            }
          },
          "make_src.tar": {
            "bzlFile": "@@bazel_tools//tools/build_defs/repo:http.bzl",
            "ruleClassName": "http_file",
            "attributes": {
              "sha256": "dd16fb1d67bfab79a72f5e8390735c49e3e8e70b4945a15ab1f81ddb78658fb3",
              "urls": [
                "https://ftp.gnu.org/gnu/make/make-4.4.1.tar.gz"
              ]
            }
          },
          "patch_src.tar": {
            "bzlFile": "@@bazel_tools//tools/build_defs/repo:http.bzl",
            "ruleClassName": "http_file",
            "attributes": {
              "sha256": "ac610bda97abe0d9f6b7c963255a11dcb196c25e337c61f94e4778d632f1d8fd",
              "urls": [
                "https://ftp.gnu.org/gnu/patch/patch-2.7.6.tar.xz"
              ]
            }
          },
          "sed_src.tar": {
            "bzlFile": "@@bazel_tools//tools/build_defs/repo:http.bzl",
            "ruleClassName": "http_file",
            "attributes": {
              "sha256": "6e226b732e1cd739464ad6862bd1a1aba42d7982922da7a53519631d24975181",
              "urls": [
                "https://ftp.gnu.org/gnu/sed/sed-4.9.tar.xz"
              ]
            }
          },
          "tar_src.tar": {
            "bzlFile": "@@bazel_tools//tools/build_defs/repo:http.bzl",
            "ruleClassName": "http_file",
            "attributes": {
              "sha256": "4d62ff37342ec7aed748535323930c7cf94acf71c3591882b26a7ea50f3edc16",
              "urls": [
                "https://ftp.gnu.org/gnu/tar/tar-1.35.tar.xz"
              ]
            }
          },
          "xz_src.tar": {
            "bzlFile": "@@bazel_tools//tools/build_defs/repo:http.bzl",
            "ruleClassName": "http_file",
            "attributes": {
              "sha256": "a9db3bb3d64e248a0fae963f8fb6ba851a26ba1822e504dc0efd18a80c626caf",
              "urls": [
                "https://github.com//tukaani-project/xz/releases/download/v5.6.2/xz-5.6.2.tar.xz"
              ]
            }
          },
          "gettext_src.tar": {
            "bzlFile": "@@bazel_tools//tools/build_defs/repo:http.bzl",
            "ruleClassName": "http_file",
            "attributes": {
              "sha256": "fe10c37353213d78a5b83d48af231e005c4da84db5ce88037d88355938259640",
              "urls": [
                "https://ftp.gnu.org/gnu/gettext/gettext-0.22.5.tar.xz"
              ]
            }
          },
          "bison_src.tar": {
            "bzlFile": "@@bazel_tools//tools/build_defs/repo:http.bzl",
            "ruleClassName": "http_file",
            "attributes": {
              "sha256": "9bba0214ccf7f1079c5d59210045227bcf619519840ebfa80cd3849cff5a5bf2",
              "urls": [
                "https://ftp.gnu.org/gnu/bison/bison-3.8.2.tar.xz"
              ]
            }
          },
          "perl_src.tar": {
            "bzlFile": "@@bazel_tools//tools/build_defs/repo:http.bzl",
            "ruleClassName": "http_file",
            "attributes": {
              "sha256": "d5325300ad267624cb0b7d512cfdfcd74fa7fe00c455c5b51a6bd53e5e199ef9",
              "urls": [
                "https://www.cpan.org/src/5.0/perl-5.40.0.tar.xz"
              ]
            }
          },
          "python_src.tar": {
            "bzlFile": "@@bazel_tools//tools/build_defs/repo:http.bzl",
            "ruleClassName": "http_file",
            "attributes": {
              "sha256": "fa8a2e12c5e620b09f53e65bcd87550d2e5a1e2e04bf8ba991dcc55113876397",
              "urls": [
                "https://www.python.org/ftp/python/3.12.5/Python-3.12.5.tar.xz"
              ]
            }
          },
          "texinfo_src.tar": {
            "bzlFile": "@@bazel_tools//tools/build_defs/repo:http.bzl",
            "ruleClassName": "http_file",
            "attributes": {
              "sha256": "deeec9f19f159e046fdf8ad22231981806dac332cc372f1c763504ad82b30953",
              "urls": [
                "https://ftp.gnu.org/gnu/texinfo/texinfo-7.1.tar.xz"
              ]
            }
          },
          "util_linux_src.tar": {
            "bzlFile": "@@bazel_tools//tools/build_defs/repo:http.bzl",
            "ruleClassName": "http_file",
            "attributes": {
              "sha256": "d78b37a66f5922d70edf3bdfb01a6b33d34ed3c3cafd6628203b2a2b67c8e8b3",
              "urls": [
                "https://www.kernel.org/pub/linux/utils/util-linux/v2.40/util-linux-2.40.2.tar.xz"
              ]
            }
          },
          "man_pages_src.tar": {
            "bzlFile": "@@bazel_tools//tools/build_defs/repo:http.bzl",
            "ruleClassName": "http_file",
            "attributes": {
              "sha256": "e23cbac29f110ba571f0da8523e79d373691466ed7f2a31301721817d34530bd",
              "urls": [
                "https://www.kernel.org/pub/linux/docs/man-pages/man-pages-6.9.1.tar.xz"
              ]
            }
          },
          "iana_etc_src.tar": {
            "bzlFile": "@@bazel_tools//tools/build_defs/repo:http.bzl",
            "ruleClassName": "http_file",
            "attributes": {
              "sha256": "672dbe1ba52b889a46dc07ee3876664ed601983239f82d729d02a002475a5b66",
              "urls": [
                "https://github.com/Mic92/iana-etc/releases/download/20240806/iana-etc-20240806.tar.gz"
              ]
            }
          },
          "zlib_src.tar": {
            "bzlFile": "@@bazel_tools//tools/build_defs/repo:http.bzl",
            "ruleClassName": "http_file",
            "attributes": {
              "sha256": "9a93b2b7dfdac77ceba5a558a580e74667dd6fede4585b91eefb60f03b72df23",
              "urls": [
                "https://zlib.net/fossils/zlib-1.3.1.tar.gz"
              ]
            }
          },
          "bzip2_src.tar": {
            "bzlFile": "@@bazel_tools//tools/build_defs/repo:http.bzl",
            "ruleClassName": "http_file",
            "attributes": {
              "sha256": "ab5a03176ee106d3f0fa90e381da478ddae405918153cca248e682cd0c4a2269",
              "urls": [
                "https://sourceware.org/pub/bzip2/bzip2-1.0.8.tar.gz"
              ]
            }
          },
          "lz4_src.tar": {
            "bzlFile": "@@bazel_tools//tools/build_defs/repo:http.bzl",
            "ruleClassName": "http_file",
            "attributes": {
              "sha256": "537512904744b35e232912055ccf8ec66d768639ff3abe5788d90d792ec5f48b",
              "urls": [
                "https://github.com/lz4/lz4/releases/download/v1.10.0/lz4-1.10.0.tar.gz"
              ]
            }
          },
          "zstd_src.tar": {
            "bzlFile": "@@bazel_tools//tools/build_defs/repo:http.bzl",
            "ruleClassName": "http_file",
            "attributes": {
              "sha256": "8c29e06cf42aacc1eafc4077ae2ec6c6fcb96a626157e0593d5e82a34fd403c1",
              "urls": [
                "https://github.com/facebook/zstd/releases/download/v1.5.6/zstd-1.5.6.tar.gz"
              ]
            }
          },
          "readline_src.tar": {
            "bzlFile": "@@bazel_tools//tools/build_defs/repo:http.bzl",
            "ruleClassName": "http_file",
            "attributes": {
              "sha256": "0e5be4d2937e8bd9b7cd60d46721ce79f88a33415dd68c2d738fb5924638f656",
              "urls": [
                "https://ftp.gnu.org/gnu/readline/readline-8.2.13.tar.gz"
              ]
            }
          },
          "bc_src.tar": {
            "bzlFile": "@@bazel_tools//tools/build_defs/repo:http.bzl",
            "ruleClassName": "http_file",
            "attributes": {
              "sha256": "828f390c2a552cadbc8c8ad5fde6eeaee398dc8d59d706559158330f3629ce35",
              "urls": [
                "https://github.com/gavinhoward/bc/releases/download/6.7.6/bc-6.7.6.tar.xz"
              ]
            }
          },
          "flex_src.tar": {
            "bzlFile": "@@bazel_tools//tools/build_defs/repo:http.bzl",
            "ruleClassName": "http_file",
            "attributes": {
              "sha256": "e87aae032bf07c26f85ac0ed3250998c37621d95f8bd748b31f15b33c45ee995",
              "urls": [
                "https://github.com/westes/flex/releases/download/v2.6.4/flex-2.6.4.tar.gz"
              ]
            }
          },
          "tcl_src.tar": {
            "bzlFile": "@@bazel_tools//tools/build_defs/repo:http.bzl",
            "ruleClassName": "http_file",
            "attributes": {
              "sha256": "5880225babf7954c58d4fb0f5cf6279104ce1cd6aa9b71e9a6322540e1c4de66",
              "urls": [
                "https://prdownloads.sourceforge.net/tcl/tcl8.6.14-src.tar.gz"
              ]
            }
          },
          "expect_src.tar": {
            "bzlFile": "@@bazel_tools//tools/build_defs/repo:http.bzl",
            "ruleClassName": "http_file",
            "attributes": {
              "sha256": "49a7da83b0bdd9f46d04a04deec19c7767bb9a323e40c4781f89caf760b92c34",
              "urls": [
                "https://prdownloads.sourceforge.net/expect/expect5.45.4.tar.gz"
              ]
            }
          },
          "expect_gcc14_patch": {
            "bzlFile": "@@bazel_tools//tools/build_defs/repo:http.bzl",
            "ruleClassName": "http_file",
            "attributes": {
              "sha256": "517c0cdd5db949cdd99dfa38b7a6c3945e1524c50e3467028973298f2c76a92c",
              "urls": [
                "https://www.linuxfromscratch.org/patches/lfs/12.2/expect-5.45.4-gcc14-1.patch"
              ]
            }
          },
          "dejagnu_src.tar": {
            "bzlFile": "@@bazel_tools//tools/build_defs/repo:http.bzl",
            "ruleClassName": "http_file",
            "attributes": {
              "sha256": "87daefacd7958b4a69f88c6856dbd1634261963c414079d0c371f589cd66a2e3",
              "urls": [
                "https://ftp.gnu.org/gnu/dejagnu/dejagnu-1.6.3.tar.gz"
              ]
            }
          },
          "pkgconf_src.tar": {
            "bzlFile": "@@bazel_tools//tools/build_defs/repo:http.bzl",
            "ruleClassName": "http_file",
            "attributes": {
              "sha256": "3a9080ac51d03615e7c1910a0a2a8df08424892b5f13b0628a204d3fcce0ea8b",
              "urls": [
                "https://distfiles.ariadne.space/pkgconf/pkgconf-2.3.0.tar.xz"
              ]
            }
          },
          "gmp_src.tar": {
            "bzlFile": "@@bazel_tools//tools/build_defs/repo:http.bzl",
            "ruleClassName": "http_file",
            "attributes": {
              "sha256": "a3c2b80201b89e68616f4ad30bc66aee4927c3ce50e33929ca819d5c43538898",
              "urls": [
                "https://ftp.gnu.org/gnu/gmp/gmp-6.3.0.tar.xz"
              ]
            }
          },
          "mpfr_src.tar": {
            "bzlFile": "@@bazel_tools//tools/build_defs/repo:http.bzl",
            "ruleClassName": "http_file",
            "attributes": {
              "sha256": "277807353a6726978996945af13e52829e3abd7a9a5b7fb2793894e18f1fcbb2",
              "urls": [
                "https://ftp.gnu.org/gnu/mpfr/mpfr-4.2.1.tar.xz"
              ]
            }
          },
          "mpc_src.tar": {
            "bzlFile": "@@bazel_tools//tools/build_defs/repo:http.bzl",
            "ruleClassName": "http_file",
            "attributes": {
              "sha256": "ab642492f5cf882b74aa0cb730cd410a81edcdbec895183ce930e706c1c759b8",
              "urls": [
                "https://ftp.gnu.org/gnu/mpc/mpc-1.3.1.tar.gz"
              ]
            }
          },
          "attr_src.tar": {
            "bzlFile": "@@bazel_tools//tools/build_defs/repo:http.bzl",
            "ruleClassName": "http_file",
            "attributes": {
              "sha256": "39bf67452fa41d0948c2197601053f48b3d78a029389734332a6309a680c6c87",
              "urls": [
                "https://download.savannah.gnu.org/releases/attr/attr-2.5.2.tar.gz"
              ]
            }
          },
          "acl_src.tar": {
            "bzlFile": "@@bazel_tools//tools/build_defs/repo:http.bzl",
            "ruleClassName": "http_file",
            "attributes": {
              "sha256": "97203a72cae99ab89a067fe2210c1cbf052bc492b479eca7d226d9830883b0bd",
              "urls": [
                "https://download.savannah.gnu.org/releases/acl/acl-2.3.2.tar.xz"
              ]
            }
          },
          "libcap_src.tar": {
            "bzlFile": "@@bazel_tools//tools/build_defs/repo:http.bzl",
            "ruleClassName": "http_file",
            "attributes": {
              "sha256": "23a6ef8aadaf1e3e875f633bb2d116cfef8952dba7bc7c569b13458e1952b30f",
              "urls": [
                "https://www.kernel.org/pub/linux/libs/security/linux-privs/libcap2/libcap-2.70.tar.xz"
              ]
            }
          },
          "libxcrypt_src.tar": {
            "bzlFile": "@@bazel_tools//tools/build_defs/repo:http.bzl",
            "ruleClassName": "http_file",
            "attributes": {
              "sha256": "e5e1f4caee0a01de2aee26e3138807d6d3ca2b8e67287966d1fefd65e1fd8943",
              "urls": [
                "https://github.com/besser82/libxcrypt/releases/download/v4.4.36/libxcrypt-4.4.36.tar.xz"
              ]
            }
          },
          "shadow_src.tar": {
            "bzlFile": "@@bazel_tools//tools/build_defs/repo:http.bzl",
            "ruleClassName": "http_file",
            "attributes": {
              "sha256": "b78e3921a95d53282a38e90628880624736bf6235e36eea50c50835f59a3530b",
              "urls": [
                "https://github.com/shadow-maint/shadow/releases/download/4.16.0/shadow-4.16.0.tar.xz"
              ]
            }
          },
          "psmisc_src.tar": {
            "bzlFile": "@@bazel_tools//tools/build_defs/repo:http.bzl",
            "ruleClassName": "http_file",
            "attributes": {
              "sha256": "58c55d9c1402474065adae669511c191de374b0871eec781239ab400b907c327",
              "urls": [
                "https://prdownloads.sourceforge.net/psmisc/psmisc-23.7.tar.xz"
              ]
            }
          },
          "libtool_src.tar": {
            "bzlFile": "@@bazel_tools//tools/build_defs/repo:http.bzl",
            "ruleClassName": "http_file",
            "attributes": {
              "sha256": "4f7f217f057ce655ff22559ad221a0fd8ef84ad1fc5fcb6990cecc333aa1635d",
              "urls": [
                "https://ftp.gnu.org/gnu/libtool/libtool-2.4.7.tar.xz"
              ]
            }
          },
          "gdbm_src.tar": {
            "bzlFile": "@@bazel_tools//tools/build_defs/repo:http.bzl",
            "ruleClassName": "http_file",
            "attributes": {
              "sha256": "695e9827fdf763513f133910bc7e6cfdb9187943a4fec943e57449723d2b8dbf",
              "urls": [
                "https://ftp.gnu.org/gnu/gdbm/gdbm-1.24.tar.gz"
              ]
            }
          },
          "gperf_src.tar": {
            "bzlFile": "@@bazel_tools//tools/build_defs/repo:http.bzl",
            "ruleClassName": "http_file",
            "attributes": {
              "sha256": "588546b945bba4b70b6a3a616e80b4ab466e3f33024a352fc2198112cdbb3ae2",
              "urls": [
                "https://ftp.gnu.org/gnu/gperf/gperf-3.1.tar.gz"
              ]
            }
          },
          "expat_src.tar": {
            "bzlFile": "@@bazel_tools//tools/build_defs/repo:http.bzl",
            "ruleClassName": "http_file",
            "attributes": {
              "sha256": "ee14b4c5d8908b1bec37ad937607eab183d4d9806a08adee472c3c3121d27364",
              "urls": [
                "https://prdownloads.sourceforge.net/expat/expat-2.6.2.tar.xz",
                "https://github.com/libexpat/libexpat/releases/download/R_2_6_2/expat-2.6.2.tar.xz"
              ]
            }
          }
        },
        "recordedRepoMappingEntries": [
          [
            "",
            "bazel_tools",
            "bazel_tools"
          ]
        ]
      }
    },
    "@@apple_support~//crosstool:setup.bzl%apple_cc_configure_extension": {
      "general": {
        "bzlTransitiveDigest": "PjIds3feoYE8SGbbIq2SFTZy3zmxeO2tQevJZNDo7iY=",
        "usagesDigest": "+hz7IHWN6A1oVJJWNDB6yZRG+RYhF76wAYItpAeIUIg=",
        "recordedFileInputs": {},
        "recordedDirentsInputs": {},
        "envVariables": {},
        "generatedRepoSpecs": {
          "local_config_apple_cc_toolchains": {
            "bzlFile": "@@apple_support~//crosstool:setup.bzl",
            "ruleClassName": "_apple_cc_autoconf_toolchains",
            "attributes": {}
          },
          "local_config_apple_cc": {
            "bzlFile": "@@apple_support~//crosstool:setup.bzl",
            "ruleClassName": "_apple_cc_autoconf",
            "attributes": {}
          }
        },
        "recordedRepoMappingEntries": [
          [
            "apple_support~",
            "bazel_tools",
            "bazel_tools"
          ]
        ]
      }
    },
    "@@platforms//host:extension.bzl%host_platform": {
      "general": {
        "bzlTransitiveDigest": "xelQcPZH8+tmuOHVjL9vDxMnnQNMlwj0SlvgoqBkm4U=",
        "usagesDigest": "hgylFkgWSg0ulUwWZzEM1aIftlUnbmw2ynWLdEfHnZc=",
        "recordedFileInputs": {},
        "recordedDirentsInputs": {},
        "envVariables": {},
        "generatedRepoSpecs": {
          "host_platform": {
            "bzlFile": "@@platforms//host:extension.bzl",
            "ruleClassName": "host_platform_repo",
            "attributes": {}
          }
        },
        "recordedRepoMappingEntries": []
      }
    }
  }
}
